// !$*UTF8*$!
{
	archiveVersion = 1;
	classes = {
	};
	objectVersion = 46;
	objects = {

/* Begin PBXBuildFile section */
		B09B9F621A802A2600E5583E /* SettingsBundle.framework in Frameworks */ = {isa = PBXBuildFile; fileRef = B09B9F561A802A2600E5583E /* SettingsBundle.framework */; };
		B09B9F691A802A2600E5583E /* SettingsBundleTests.swift in Sources */ = {isa = PBXBuildFile; fileRef = B09B9F681A802A2600E5583E /* SettingsBundleTests.swift */; };
		B09B9F731A802A3F00E5583E /* SettingsManager.swift in Sources */ = {isa = PBXBuildFile; fileRef = B09B9F721A802A3F00E5583E /* SettingsManager.swift */; };
		B09B9F751A802A4900E5583E /* Settings.bundle in Resources */ = {isa = PBXBuildFile; fileRef = B09B9F741A802A4900E5583E /* Settings.bundle */; };
/* End PBXBuildFile section */

/* Begin PBXContainerItemProxy section */
		B09B9F631A802A2600E5583E /* PBXContainerItemProxy */ = {
			isa = PBXContainerItemProxy;
			containerPortal = B09B9F4D1A802A2500E5583E /* Project object */;
			proxyType = 1;
			remoteGlobalIDString = B09B9F551A802A2500E5583E;
			remoteInfo = SettingsBundle;
		};
/* End PBXContainerItemProxy section */

/* Begin PBXFileReference section */
		B09B9F561A802A2600E5583E /* SettingsBundle.framework */ = {isa = PBXFileReference; explicitFileType = wrapper.framework; includeInIndex = 0; path = SettingsBundle.framework; sourceTree = BUILT_PRODUCTS_DIR; };
		B09B9F5A1A802A2600E5583E /* Info.plist */ = {isa = PBXFileReference; lastKnownFileType = text.plist.xml; path = Info.plist; sourceTree = "<group>"; };
		B09B9F611A802A2600E5583E /* SettingsBundleTests.xctest */ = {isa = PBXFileReference; explicitFileType = wrapper.cfbundle; includeInIndex = 0; path = SettingsBundleTests.xctest; sourceTree = BUILT_PRODUCTS_DIR; };
		B09B9F671A802A2600E5583E /* Info.plist */ = {isa = PBXFileReference; lastKnownFileType = text.plist.xml; path = Info.plist; sourceTree = "<group>"; };
		B09B9F681A802A2600E5583E /* SettingsBundleTests.swift */ = {isa = PBXFileReference; lastKnownFileType = sourcecode.swift; path = SettingsBundleTests.swift; sourceTree = "<group>"; };
		B09B9F721A802A3F00E5583E /* SettingsManager.swift */ = {isa = PBXFileReference; fileEncoding = 4; lastKnownFileType = sourcecode.swift; path = SettingsManager.swift; sourceTree = "<group>"; };
		B09B9F741A802A4900E5583E /* Settings.bundle */ = {isa = PBXFileReference; lastKnownFileType = "wrapper.plug-in"; path = Settings.bundle; sourceTree = "<group>"; };
/* End PBXFileReference section */

/* Begin PBXFrameworksBuildPhase section */
		B09B9F521A802A2500E5583E /* Frameworks */ = {
			isa = PBXFrameworksBuildPhase;
			buildActionMask = 2147483647;
			files = (
			);
			runOnlyForDeploymentPostprocessing = 0;
		};
		B09B9F5E1A802A2600E5583E /* Frameworks */ = {
			isa = PBXFrameworksBuildPhase;
			buildActionMask = 2147483647;
			files = (
				B09B9F621A802A2600E5583E /* SettingsBundle.framework in Frameworks */,
			);
			runOnlyForDeploymentPostprocessing = 0;
		};
/* End PBXFrameworksBuildPhase section */

/* Begin PBXGroup section */
		B09B9F4C1A802A2500E5583E = {
			isa = PBXGroup;
			children = (
				B09B9F581A802A2600E5583E /* SettingsBundle */,
				B09B9F651A802A2600E5583E /* SettingsBundleTests */,
				B09B9F571A802A2600E5583E /* Products */,
			);
			sourceTree = "<group>";
		};
		B09B9F571A802A2600E5583E /* Products */ = {
			isa = PBXGroup;
			children = (
				B09B9F561A802A2600E5583E /* SettingsBundle.framework */,
				B09B9F611A802A2600E5583E /* SettingsBundleTests.xctest */,
			);
			name = Products;
			sourceTree = "<group>";
		};
		B09B9F581A802A2600E5583E /* SettingsBundle */ = {
			isa = PBXGroup;
			children = (
				B09B9F721A802A3F00E5583E /* SettingsManager.swift */,
				B09B9F741A802A4900E5583E /* Settings.bundle */,
				B09B9F591A802A2600E5583E /* Supporting Files */,
			);
			path = SettingsBundle;
			sourceTree = "<group>";
		};
		B09B9F591A802A2600E5583E /* Supporting Files */ = {
			isa = PBXGroup;
			children = (
				B09B9F5A1A802A2600E5583E /* Info.plist */,
			);
			name = "Supporting Files";
			sourceTree = "<group>";
		};
		B09B9F651A802A2600E5583E /* SettingsBundleTests */ = {
			isa = PBXGroup;
			children = (
				B09B9F681A802A2600E5583E /* SettingsBundleTests.swift */,
				B09B9F661A802A2600E5583E /* Supporting Files */,
			);
			path = SettingsBundleTests;
			sourceTree = "<group>";
		};
		B09B9F661A802A2600E5583E /* Supporting Files */ = {
			isa = PBXGroup;
			children = (
				B09B9F671A802A2600E5583E /* Info.plist */,
			);
			name = "Supporting Files";
			sourceTree = "<group>";
		};
/* End PBXGroup section */

/* Begin PBXHeadersBuildPhase section */
		B09B9F531A802A2500E5583E /* Headers */ = {
			isa = PBXHeadersBuildPhase;
			buildActionMask = 2147483647;
			files = (
			);
			runOnlyForDeploymentPostprocessing = 0;
		};
/* End PBXHeadersBuildPhase section */

/* Begin PBXNativeTarget section */
		B09B9F551A802A2500E5583E /* SettingsBundle */ = {
			isa = PBXNativeTarget;
			buildConfigurationList = B09B9F6C1A802A2600E5583E /* Build configuration list for PBXNativeTarget "SettingsBundle" */;
			buildPhases = (
				B09B9F511A802A2500E5583E /* Sources */,
				B09B9F521A802A2500E5583E /* Frameworks */,
				B09B9F531A802A2500E5583E /* Headers */,
				B09B9F541A802A2500E5583E /* Resources */,
			);
			buildRules = (
			);
			dependencies = (
			);
			name = SettingsBundle;
			productName = SettingsBundle;
			productReference = B09B9F561A802A2600E5583E /* SettingsBundle.framework */;
			productType = "com.apple.product-type.framework";
		};
		B09B9F601A802A2600E5583E /* SettingsBundleTests */ = {
			isa = PBXNativeTarget;
			buildConfigurationList = B09B9F6F1A802A2600E5583E /* Build configuration list for PBXNativeTarget "SettingsBundleTests" */;
			buildPhases = (
				B09B9F5D1A802A2600E5583E /* Sources */,
				B09B9F5E1A802A2600E5583E /* Frameworks */,
				B09B9F5F1A802A2600E5583E /* Resources */,
			);
			buildRules = (
			);
			dependencies = (
				B09B9F641A802A2600E5583E /* PBXTargetDependency */,
			);
			name = SettingsBundleTests;
			productName = SettingsBundleTests;
			productReference = B09B9F611A802A2600E5583E /* SettingsBundleTests.xctest */;
			productType = "com.apple.product-type.bundle.unit-test";
		};
/* End PBXNativeTarget section */

/* Begin PBXProject section */
		B09B9F4D1A802A2500E5583E /* Project object */ = {
			isa = PBXProject;
			attributes = {
				LastUpgradeCheck = 0610;
				ORGANIZATIONNAME = "Periscope, Inc";
				TargetAttributes = {
					B09B9F551A802A2500E5583E = {
						CreatedOnToolsVersion = 6.1.1;
					};
					B09B9F601A802A2600E5583E = {
						CreatedOnToolsVersion = 6.1.1;
					};
				};
			};
			buildConfigurationList = B09B9F501A802A2500E5583E /* Build configuration list for PBXProject "SettingsBundle" */;
			compatibilityVersion = "Xcode 3.2";
			developmentRegion = English;
			hasScannedForEncodings = 0;
			knownRegions = (
				en,
			);
			mainGroup = B09B9F4C1A802A2500E5583E;
			productRefGroup = B09B9F571A802A2600E5583E /* Products */;
			projectDirPath = "";
			projectRoot = "";
			targets = (
				B09B9F551A802A2500E5583E /* SettingsBundle */,
				B09B9F601A802A2600E5583E /* SettingsBundleTests */,
			);
		};
/* End PBXProject section */

/* Begin PBXResourcesBuildPhase section */
		B09B9F541A802A2500E5583E /* Resources */ = {
			isa = PBXResourcesBuildPhase;
			buildActionMask = 2147483647;
			files = (
				B09B9F751A802A4900E5583E /* Settings.bundle in Resources */,
			);
			runOnlyForDeploymentPostprocessing = 0;
		};
		B09B9F5F1A802A2600E5583E /* Resources */ = {
			isa = PBXResourcesBuildPhase;
			buildActionMask = 2147483647;
			files = (
			);
			runOnlyForDeploymentPostprocessing = 0;
		};
/* End PBXResourcesBuildPhase section */

/* Begin PBXSourcesBuildPhase section */
		B09B9F511A802A2500E5583E /* Sources */ = {
			isa = PBXSourcesBuildPhase;
			buildActionMask = 2147483647;
			files = (
				B09B9F731A802A3F00E5583E /* SettingsManager.swift in Sources */,
			);
			runOnlyForDeploymentPostprocessing = 0;
		};
		B09B9F5D1A802A2600E5583E /* Sources */ = {
			isa = PBXSourcesBuildPhase;
			buildActionMask = 2147483647;
			files = (
				B09B9F691A802A2600E5583E /* SettingsBundleTests.swift in Sources */,
			);
			runOnlyForDeploymentPostprocessing = 0;
		};
/* End PBXSourcesBuildPhase section */

/* Begin PBXTargetDependency section */
		B09B9F641A802A2600E5583E /* PBXTargetDependency */ = {
			isa = PBXTargetDependency;
			target = B09B9F551A802A2500E5583E /* SettingsBundle */;
			targetProxy = B09B9F631A802A2600E5583E /* PBXContainerItemProxy */;
		};
/* End PBXTargetDependency section */

/* Begin XCBuildConfiguration section */
		B09B9F6A1A802A2600E5583E /* Debug */ = {
			isa = XCBuildConfiguration;
			buildSettings = {
				ALWAYS_SEARCH_USER_PATHS = NO;
				CLANG_CXX_LANGUAGE_STANDARD = "gnu++0x";
				CLANG_CXX_LIBRARY = "libc++";
				CLANG_ENABLE_MODULES = YES;
				CLANG_ENABLE_OBJC_ARC = YES;
				CLANG_WARN_BOOL_CONVERSION = YES;
				CLANG_WARN_CONSTANT_CONVERSION = YES;
				CLANG_WARN_DIRECT_OBJC_ISA_USAGE = YES_ERROR;
				CLANG_WARN_EMPTY_BODY = YES;
				CLANG_WARN_ENUM_CONVERSION = YES;
				CLANG_WARN_INT_CONVERSION = YES;
				CLANG_WARN_OBJC_ROOT_CLASS = YES_ERROR;
				CLANG_WARN_UNREACHABLE_CODE = YES;
				CLANG_WARN__DUPLICATE_METHOD_MATCH = YES;
				"CODE_SIGN_IDENTITY[sdk=iphoneos*]" = "iPhone Developer";
				COPY_PHASE_STRIP = NO;
				CURRENT_PROJECT_VERSION = 1;
				ENABLE_STRICT_OBJC_MSGSEND = YES;
				GCC_C_LANGUAGE_STANDARD = gnu99;
				GCC_DYNAMIC_NO_PIC = NO;
				GCC_OPTIMIZATION_LEVEL = 0;
				GCC_PREPROCESSOR_DEFINITIONS = (
					"DEBUG=1",
					"$(inherited)",
				);
				GCC_SYMBOLS_PRIVATE_EXTERN = NO;
				GCC_WARN_64_TO_32_BIT_CONVERSION = YES;
				GCC_WARN_ABOUT_RETURN_TYPE = YES_ERROR;
				GCC_WARN_UNDECLARED_SELECTOR = YES;
				GCC_WARN_UNINITIALIZED_AUTOS = YES_AGGRESSIVE;
				GCC_WARN_UNUSED_FUNCTION = YES;
				GCC_WARN_UNUSED_VARIABLE = YES;
				IPHONEOS_DEPLOYMENT_TARGET = 8.1;
				MTL_ENABLE_DEBUG_INFO = YES;
				ONLY_ACTIVE_ARCH = YES;
				SDKROOT = iphoneos;
				SWIFT_OPTIMIZATION_LEVEL = "-Onone";
				TARGETED_DEVICE_FAMILY = "1,2";
				VERSIONING_SYSTEM = "apple-generic";
				VERSION_INFO_PREFIX = "";
			};
			name = Debug;
		};
		B09B9F6B1A802A2600E5583E /* Release */ = {
			isa = XCBuildConfiguration;
			buildSettings = {
				ALWAYS_SEARCH_USER_PATHS = NO;
				CLANG_CXX_LANGUAGE_STANDARD = "gnu++0x";
				CLANG_CXX_LIBRARY = "libc++";
				CLANG_ENABLE_MODULES = YES;
				CLANG_ENABLE_OBJC_ARC = YES;
				CLANG_WARN_BOOL_CONVERSION = YES;
				CLANG_WARN_CONSTANT_CONVERSION = YES;
				CLANG_WARN_DIRECT_OBJC_ISA_USAGE = YES_ERROR;
				CLANG_WARN_EMPTY_BODY = YES;
				CLANG_WARN_ENUM_CONVERSION = YES;
				CLANG_WARN_INT_CONVERSION = YES;
				CLANG_WARN_OBJC_ROOT_CLASS = YES_ERROR;
				CLANG_WARN_UNREACHABLE_CODE = YES;
				CLANG_WARN__DUPLICATE_METHOD_MATCH = YES;
				"CODE_SIGN_IDENTITY[sdk=iphoneos*]" = "iPhone Developer";
				COPY_PHASE_STRIP = YES;
				CURRENT_PROJECT_VERSION = 1;
				ENABLE_NS_ASSERTIONS = NO;
				ENABLE_STRICT_OBJC_MSGSEND = YES;
				GCC_C_LANGUAGE_STANDARD = gnu99;
				GCC_WARN_64_TO_32_BIT_CONVERSION = YES;
				GCC_WARN_ABOUT_RETURN_TYPE = YES_ERROR;
				GCC_WARN_UNDECLARED_SELECTOR = YES;
				GCC_WARN_UNINITIALIZED_AUTOS = YES_AGGRESSIVE;
				GCC_WARN_UNUSED_FUNCTION = YES;
				GCC_WARN_UNUSED_VARIABLE = YES;
				IPHONEOS_DEPLOYMENT_TARGET = 8.1;
				MTL_ENABLE_DEBUG_INFO = NO;
				SDKROOT = iphoneos;
				TARGETED_DEVICE_FAMILY = "1,2";
				VALIDATE_PRODUCT = YES;
				VERSIONING_SYSTEM = "apple-generic";
				VERSION_INFO_PREFIX = "";
			};
			name = Release;
		};
		B09B9F6D1A802A2600E5583E /* Debug */ = {
			isa = XCBuildConfiguration;
			buildSettings = {
				CLANG_ENABLE_MODULES = YES;
				DEFINES_MODULE = YES;
				DYLIB_COMPATIBILITY_VERSION = 1;
				DYLIB_CURRENT_VERSION = 1;
				DYLIB_INSTALL_NAME_BASE = "@rpath";
				INFOPLIST_FILE = SettingsBundle/Info.plist;
				INSTALL_PATH = "$(LOCAL_LIBRARY_DIR)/Frameworks";
				LD_RUNPATH_SEARCH_PATHS = "$(inherited) @executable_path/Frameworks @loader_path/Frameworks";
				PRODUCT_NAME = "$(TARGET_NAME)";
				SKIP_INSTALL = YES;
				SWIFT_OPTIMIZATION_LEVEL = "-Onone";
			};
			name = Debug;
		};
		B09B9F6E1A802A2600E5583E /* Release */ = {
			isa = XCBuildConfiguration;
			buildSettings = {
				CLANG_ENABLE_MODULES = YES;
				DEFINES_MODULE = YES;
				DYLIB_COMPATIBILITY_VERSION = 1;
				DYLIB_CURRENT_VERSION = 1;
				DYLIB_INSTALL_NAME_BASE = "@rpath";
				INFOPLIST_FILE = SettingsBundle/Info.plist;
				INSTALL_PATH = "$(LOCAL_LIBRARY_DIR)/Frameworks";
				LD_RUNPATH_SEARCH_PATHS = "$(inherited) @executable_path/Frameworks @loader_path/Frameworks";
				PRODUCT_NAME = "$(TARGET_NAME)";
				SKIP_INSTALL = YES;
			};
			name = Release;
		};
		B09B9F701A802A2600E5583E /* Debug */ = {
			isa = XCBuildConfiguration;
			buildSettings = {
				FRAMEWORK_SEARCH_PATHS = (
					"$(SDKROOT)/Developer/Library/Frameworks",
					"$(inherited)",
				);
				GCC_PREPROCESSOR_DEFINITIONS = (
					"DEBUG=1",
					"$(inherited)",
				);
				INFOPLIST_FILE = SettingsBundleTests/Info.plist;
				LD_RUNPATH_SEARCH_PATHS = "$(inherited) @executable_path/Frameworks @loader_path/Frameworks";
				PRODUCT_NAME = "$(TARGET_NAME)";
			};
			name = Debug;
		};
		B09B9F711A802A2600E5583E /* Release */ = {
			isa = XCBuildConfiguration;
			buildSettings = {
				FRAMEWORK_SEARCH_PATHS = (
					"$(SDKROOT)/Developer/Library/Frameworks",
					"$(inherited)",
				);
				INFOPLIST_FILE = SettingsBundleTests/Info.plist;
				LD_RUNPATH_SEARCH_PATHS = "$(inherited) @executable_path/Frameworks @loader_path/Frameworks";
				PRODUCT_NAME = "$(TARGET_NAME)";
			};
			name = Release;
		};
/* End XCBuildConfiguration section */

/* Begin XCConfigurationList section */
		B09B9F501A802A2500E5583E /* Build configuration list for PBXProject "SettingsBundle" */ = {
			isa = XCConfigurationList;
			buildConfigurations = (
				B09B9F6A1A802A2600E5583E /* Debug */,
				B09B9F6B1A802A2600E5583E /* Release */,
			);
			defaultConfigurationIsVisible = 0;
			defaultConfigurationName = Release;
		};
		B09B9F6C1A802A2600E5583E /* Build configuration list for PBXNativeTarget "SettingsBundle" */ = {
			isa = XCConfigurationList;
			buildConfigurations = (
				B09B9F6D1A802A2600E5583E /* Debug */,
				B09B9F6E1A802A2600E5583E /* Release */,
			);
			defaultConfigurationIsVisible = 0;
		};
		B09B9F6F1A802A2600E5583E /* Build configuration list for PBXNativeTarget "SettingsBundleTests" */ = {
			isa = XCConfigurationList;
			buildConfigurations = (
				B09B9F701A802A2600E5583E /* Debug */,
				B09B9F711A802A2600E5583E /* Release */,
			);
			defaultConfigurationIsVisible = 0;
		};
/* End XCConfigurationList section */
	};
	rootObject = B09B9F4D1A802A2500E5583E /* Project object */;
}
